# This file is generated by running "yarn install" inside your project.
# Manual changes might be lost - proceed with caution!

__metadata:
  version: 10
  cacheKey: 10c0

"@anarchitects/governance-cli@npm:^0.4.0":
  version: 0.4.0
  resolution: "@anarchitects/governance-cli@npm:0.4.0"
  dependencies:
    "@anarchitects/governance-core": "npm:^0.3.0"
    yaml: "npm:^2.8.1"
  bin:
    agov: dist/bin/agov.js
  checksum: 10c0/4ac103781f799cf897494a852886e12bbb43e40a4886cfe6196756d7bfc05523290869ef460d538bc9bbc56e0aee7f4e9b62fbdca81b1a1d67f7d6f90f1d81ea
  languageName: node
  linkType: hard

"@anarchitects/governance-core@npm:^0.3.0":
  version: 0.3.0
  resolution: "@anarchitects/governance-core@npm:0.3.0"
  checksum: 10c0/60fa161d4f0a6b75b4ae68df6f0e8799c792bd69cd39a2095209ef34c1d62192b6c2bd16c4dd027beb71c4d20b86c3e11da92ec58ece609b94e30aa097623165
  languageName: node
  linkType: hard

"@demo/booking-api@workspace:apps/booking-api":
  version: 0.0.0-use.local
  resolution: "@demo/booking-api@workspace:apps/booking-api"
  dependencies:
    "@demo/booking-interface": "workspace:*"
  languageName: unknown
  linkType: soft

"@demo/booking-application@workspace:*, @demo/booking-application@workspace:packages/booking-application":
  version: 0.0.0-use.local
  resolution: "@demo/booking-application@workspace:packages/booking-application"
  dependencies:
    "@demo/booking-domain": "workspace:*"
  languageName: unknown
  linkType: soft

"@demo/booking-domain@workspace:*, @demo/booking-domain@workspace:packages/booking-domain":
  version: 0.0.0-use.local
  resolution: "@demo/booking-domain@workspace:packages/booking-domain"
  dependencies:
    "@demo/shared-kernel": "workspace:*"
  languageName: unknown
  linkType: soft

"@demo/booking-infrastructure@workspace:packages/booking-infrastructure":
  version: 0.0.0-use.local
  resolution: "@demo/booking-infrastructure@workspace:packages/booking-infrastructure"
  dependencies:
    "@demo/booking-domain": "workspace:*"
  languageName: unknown
  linkType: soft

"@demo/booking-interface@workspace:*, @demo/booking-interface@workspace:packages/booking-interface":
  version: 0.0.0-use.local
  resolution: "@demo/booking-interface@workspace:packages/booking-interface"
  dependencies:
    "@demo/booking-application": "workspace:*"
  languageName: unknown
  linkType: soft

"@demo/customer-domain@workspace:packages/customer-domain":
  version: 0.0.0-use.local
  resolution: "@demo/customer-domain@workspace:packages/customer-domain"
  dependencies:
    "@demo/shared-kernel": "workspace:*"
  languageName: unknown
  linkType: soft

"@demo/shared-kernel@workspace:*, @demo/shared-kernel@workspace:packages/shared-kernel":
  version: 0.0.0-use.local
  resolution: "@demo/shared-kernel@workspace:packages/shared-kernel"
  languageName: unknown
  linkType: soft

"cli-standalone@workspace:.":
  version: 0.0.0-use.local
  resolution: "cli-standalone@workspace:."
  dependencies:
    "@anarchitects/governance-cli": "npm:^0.4.0"
    typescript: "npm:~5.9.2"
  languageName: unknown
  linkType: soft

"typescript@npm:~5.9.2":
  version: 5.9.3
  resolution: "typescript@npm:5.9.3"
  bin:
    tsc: bin/tsc
    tsserver: bin/tsserver
  checksum: 10c0/6bd7552ce39f97e711db5aa048f6f9995b53f1c52f7d8667c1abdc1700c68a76a308f579cd309ce6b53646deb4e9a1be7c813a93baaf0a28ccd536a30270e1c5
  languageName: node
  linkType: hard

"typescript@patch:typescript@npm%3A~5.9.2#optional!builtin<compat/typescript>":
  version: 5.9.3
  resolution: "typescript@patch:typescript@npm%3A5.9.3#optional!builtin<compat/typescript>::version=5.9.3&hash=5786d5"
  bin:
    tsc: bin/tsc
    tsserver: bin/tsserver
  checksum: 10c0/ad09fdf7a756814dce65bc60c1657b40d44451346858eea230e10f2e95a289d9183b6e32e5c11e95acc0ccc214b4f36289dcad4bf1886b0adb84d711d336a430
  languageName: node
  linkType: hard

"yaml@npm:^2.8.1":
  version: 2.9.0
  resolution: "yaml@npm:2.9.0"
  bin:
    yaml: bin.mjs
  checksum: 10c0/f340718df45e97a9551b9bf9dac61c80050bc464513b710debfb5067c380c8472e3b67809cffacb4ab5ffb5e66ef9310816c88b05f371cec60abfedd8c88e0a2
  languageName: node
  linkType: hard
